
Microsoft Visual Studio Solution File, Format Version 12.00
# Visual Studio Version 17
VisualStudioVersion = 17.8.34511.84
MinimumVisualStudioVersion = 10.0.40219.1
Project("{9A19103F-16F7-4668-BE54-9A1E7A4F7556}") = "HomeCalendarWPF", "HomeCalendarWPF\HomeCalendarWPF.csproj", "{626EE574-2538-46E4-86B9-975F53EA70DB}"
EndProject
Project("{9A19103F-16F7-4668-BE54-9A1E7A4F7556}") = "TestPresenter", "TestPresenter\TestPresenter.csproj", "{030FEAE3-8625-433C-BE11-EAB610F876C2}"
EndProject
Project("{C7167F0D-BC9F-4E6E-AFE1-012C56B48DB5}") = "WAP", "WAP\WAP.wapproj", "{D0436F5E-1850-4EFF-A8AB-8B0BE31D7516}"
EndProject
Global
	GlobalSection(SolutionConfigurationPlatforms) = preSolution
		Debug|Any CPU = Debug|Any CPU
		Debug|ARM = Debug|ARM
		Debug|ARM64 = Debug|ARM64
		Debug|x64 = Debug|x64
		Debug|x86 = Debug|x86
		Release|Any CPU = Release|Any CPU
		Release|ARM = Release|ARM
		Release|ARM64 = Release|ARM64
		Release|x64 = Release|x64
		Release|x86 = Release|x86
	EndGlobalSection
	GlobalSection(ProjectConfigurationPlatforms) = postSolution
		{626EE574-2538-46E4-86B9-975F53EA70DB}.Debug|Any CPU.ActiveCfg = Debug|Any CPU
		{626EE574-2538-46E4-86B9-975F53EA70DB}.Debug|Any CPU.Build.0 = Debug|Any CPU
		{626EE574-2538-46E4-86B9-975F53EA70DB}.Debug|ARM.ActiveCfg = Debug|Any CPU
		{626EE574-2538-46E4-86B9-975F53EA70DB}.Debug|ARM.Build.0 = Debug|Any CPU
		{626EE574-2538-46E4-86B9-975F53EA70DB}.Debug|ARM64.ActiveCfg = Debug|Any CPU
		{626EE574-2538-46E4-86B9-975F53EA70DB}.Debug|ARM64.Build.0 = Debug|Any CPU
		{626EE574-2538-46E4-86B9-975F53EA70DB}.Debug|x64.ActiveCfg = Debug|x64
		{626EE574-2538-46E4-86B9-975F53EA70DB}.Debug|x64.Build.0 = Debug|x64
		{626EE574-2538-46E4-86B9-975F53EA70DB}.Debug|x86.ActiveCfg = Debug|x86
		{626EE574-2538-46E4-86B9-975F53EA70DB}.Debug|x86.Build.0 = Debug|x86
		{626EE574-2538-46E4-86B9-975F53EA70DB}.Release|Any CPU.ActiveCfg = Release|Any CPU
		{626EE574-2538-46E4-86B9-975F53EA70DB}.Release|Any CPU.Build.0 = Release|Any CPU
		{626EE574-2538-46E4-86B9-975F53EA70DB}.Release|ARM.ActiveCfg = Release|Any CPU
		{626EE574-2538-46E4-86B9-975F53EA70DB}.Release|ARM.Build.0 = Release|Any CPU
		{626EE574-2538-46E4-86B9-975F53EA70DB}.Release|ARM64.ActiveCfg = Release|Any CPU
		{626EE574-2538-46E4-86B9-975F53EA70DB}.Release|ARM64.Build.0 = Release|Any CPU
		{626EE574-2538-46E4-86B9-975F53EA70DB}.Release|x64.ActiveCfg = Release|x64
		{626EE574-2538-46E4-86B9-975F53EA70DB}.Release|x64.Build.0 = Release|x64
		{626EE574-2538-46E4-86B9-975F53EA70DB}.Release|x86.ActiveCfg = Release|x86
		{626EE574-2538-46E4-86B9-975F53EA70DB}.Release|x86.Build.0 = Release|x86
		{030FEAE3-8625-433C-BE11-EAB610F876C2}.Debug|Any CPU.ActiveCfg = Debug|Any CPU
		{030FEAE3-8625-433C-BE11-EAB610F876C2}.Debug|Any CPU.Build.0 = Debug|Any CPU
		{030FEAE3-8625-433C-BE11-EAB610F876C2}.Debug|ARM.ActiveCfg = Debug|Any CPU
		{030FEAE3-8625-433C-BE11-EAB610F876C2}.Debug|ARM.Build.0 = Debug|Any CPU
		{030FEAE3-8625-433C-BE11-EAB610F876C2}.Debug|ARM64.ActiveCfg = Debug|Any CPU
		{030FEAE3-8625-433C-BE11-EAB610F876C2}.Debug|ARM64.Build.0 = Debug|Any CPU
		{030FEAE3-8625-433C-BE11-EAB610F876C2}.Debug|x64.ActiveCfg = Debug|x64
		{030FEAE3-8625-433C-BE11-EAB610F876C2}.Debug|x64.Build.0 = Debug|x64
		{030FEAE3-8625-433C-BE11-EAB610F876C2}.Debug|x86.ActiveCfg = Debug|x86
		{030FEAE3-8625-433C-BE11-EAB610F876C2}.Debug|x86.Build.0 = Debug|x86
		{030FEAE3-8625-433C-BE11-EAB610F876C2}.Release|Any CPU.ActiveCfg = Release|Any CPU
		{030FEAE3-8625-433C-BE11-EAB610F876C2}.Release|Any CPU.Build.0 = Release|Any CPU
		{030FEAE3-8625-433C-BE11-EAB610F876C2}.Release|ARM.ActiveCfg = Release|Any CPU
		{030FEAE3-8625-433C-BE11-EAB610F876C2}.Release|ARM.Build.0 = Release|Any CPU
		{030FEAE3-8625-433C-BE11-EAB610F876C2}.Release|ARM64.ActiveCfg = Release|Any CPU
		{030FEAE3-8625-433C-BE11-EAB610F876C2}.Release|ARM64.Build.0 = Release|Any CPU
		{030FEAE3-8625-433C-BE11-EAB610F876C2}.Release|x64.ActiveCfg = Release|x64
		{030FEAE3-8625-433C-BE11-EAB610F876C2}.Release|x64.Build.0 = Release|x64
		{030FEAE3-8625-433C-BE11-EAB610F876C2}.Release|x86.ActiveCfg = Release|x86
		{030FEAE3-8625-433C-BE11-EAB610F876C2}.Release|x86.Build.0 = Release|x86
		{D0436F5E-1850-4EFF-A8AB-8B0BE31D7516}.Debug|Any CPU.ActiveCfg = Debug|Any CPU
		{D0436F5E-1850-4EFF-A8AB-8B0BE31D7516}.Debug|Any CPU.Build.0 = Debug|Any CPU
		{D0436F5E-1850-4EFF-A8AB-8B0BE31D7516}.Debug|Any CPU.Deploy.0 = Debug|Any CPU
		{D0436F5E-1850-4EFF-A8AB-8B0BE31D7516}.Debug|ARM.ActiveCfg = Debug|ARM
		{D0436F5E-1850-4EFF-A8AB-8B0BE31D7516}.Debug|ARM.Build.0 = Debug|ARM
		{D0436F5E-1850-4EFF-A8AB-8B0BE31D7516}.Debug|ARM.Deploy.0 = Debug|ARM
		{D0436F5E-1850-4EFF-A8AB-8B0BE31D7516}.Debug|ARM64.ActiveCfg = Debug|ARM64
		{D0436F5E-1850-4EFF-A8AB-8B0BE31D7516}.Debug|ARM64.Build.0 = Debug|ARM64
		{D0436F5E-1850-4EFF-A8AB-8B0BE31D7516}.Debug|ARM64.Deploy.0 = Debug|ARM64
		{D0436F5E-1850-4EFF-A8AB-8B0BE31D7516}.Debug|x64.ActiveCfg = Debug|x64
		{D0436F5E-1850-4EFF-A8AB-8B0BE31D7516}.Debug|x64.Build.0 = Debug|x64
		{D0436F5E-1850-4EFF-A8AB-8B0BE31D7516}.Debug|x64.Deploy.0 = Debug|x64
		{D0436F5E-1850-4EFF-A8AB-8B0BE31D7516}.Debug|x86.ActiveCfg = Debug|x86
		{D0436F5E-1850-4EFF-A8AB-8B0BE31D7516}.Debug|x86.Build.0 = Debug|x86
		{D0436F5E-1850-4EFF-A8AB-8B0BE31D7516}.Debug|x86.Deploy.0 = Debug|x86
		{D0436F5E-1850-4EFF-A8AB-8B0BE31D7516}.Release|Any CPU.ActiveCfg = Release|Any CPU
		{D0436F5E-1850-4EFF-A8AB-8B0BE31D7516}.Release|Any CPU.Build.0 = Release|Any CPU
		{D0436F5E-1850-4EFF-A8AB-8B0BE31D7516}.Release|Any CPU.Deploy.0 = Release|Any CPU
		{D0436F5E-1850-4EFF-A8AB-8B0BE31D7516}.Release|ARM.ActiveCfg = Release|ARM
		{D0436F5E-1850-4EFF-A8AB-8B0BE31D7516}.Release|ARM.Build.0 = Release|ARM
		{D0436F5E-1850-4EFF-A8AB-8B0BE31D7516}.Release|ARM.Deploy.0 = Release|ARM
		{D0436F5E-1850-4EFF-A8AB-8B0BE31D7516}.Release|ARM64.ActiveCfg = Release|ARM64
		{D0436F5E-1850-4EFF-A8AB-8B0BE31D7516}.Release|ARM64.Build.0 = Release|ARM64
		{D0436F5E-1850-4EFF-A8AB-8B0BE31D7516}.Release|ARM64.Deploy.0 = Release|ARM64
		{D0436F5E-1850-4EFF-A8AB-8B0BE31D7516}.Release|x64.ActiveCfg = Release|x64
		{D0436F5E-1850-4EFF-A8AB-8B0BE31D7516}.Release|x64.Build.0 = Release|x64
		{D0436F5E-1850-4EFF-A8AB-8B0BE31D7516}.Release|x64.Deploy.0 = Release|x64
		{D0436F5E-1850-4EFF-A8AB-8B0BE31D7516}.Release|x86.ActiveCfg = Release|x86
		{D0436F5E-1850-4EFF-A8AB-8B0BE31D7516}.Release|x86.Build.0 = Release|x86
		{D0436F5E-1850-4EFF-A8AB-8B0BE31D7516}.Release|x86.Deploy.0 = Release|x86
	EndGlobalSection
	GlobalSection(SolutionProperties) = preSolution
		HideSolutionNode = FALSE
	EndGlobalSection
	GlobalSection(ExtensibilityGlobals) = postSolution
		SolutionGuid = {2407F947-42F0-42B0-8762-88C9C0CD894C}
	EndGlobalSection
EndGlobal
